// !$*UTF8*$!
{
	archiveVersion = 1;
	classes = {
	};
	objectVersion = 52;
	objects = {

/* Begin PBXBuildFile section */
		F43B4C912555CC5100292F95 /* AppDelegate.swift in Sources */ = {isa = PBXBuildFile; fileRef = F43B4C902555CC5100292F95 /* AppDelegate.swift */; };
		F43B4C932555CC5100292F95 /* SceneDelegate.swift in Sources */ = {isa = PBXBuildFile; fileRef = F43B4C922555CC5100292F95 /* SceneDelegate.swift */; };
		F43B4C952555CC5100292F95 /* LottieView.swift in Sources */ = {isa = PBXBuildFile; fileRef = F43B4C942555CC5100292F95 /* LottieView.swift */; };
		F43B4C972555CC5600292F95 /* Assets.xcassets in Resources */ = {isa = PBXBuildFile; fileRef = F43B4C962555CC5600292F95 /* Assets.xcassets */; };
		F43B4C9A2555CC5600292F95 /* Preview Assets.xcassets in Resources */ = {isa = PBXBuildFile; fileRef = F43B4C992555CC5600292F95 /* Preview Assets.xcassets */; };
		F43B4C9D2555CC5600292F95 /* LaunchScreen.storyboard in Resources */ = {isa = PBXBuildFile; fileRef = F43B4C9B2555CC5600292F95 /* LaunchScreen.storyboard */; };
		F43B4CA72555CC8D00292F95 /* Lottie in Frameworks */ = {isa = PBXBuildFile; productRef = F43B4CA62555CC8D00292F95 /* Lottie */; };
		F43B4CAB2555CCCB00292F95 /* gym.json in Resources */ = {isa = PBXBuildFile; fileRef = F43B4CAA2555CCCB00292F95 /* gym.json */; };
		F43B4CAF2555CF8500292F95 /* LoadingView.swift in Sources */ = {isa = PBXBuildFile; fileRef = F43B4CAE2555CF8500292F95 /* LoadingView.swift */; };
/* End PBXBuildFile section */

/* Begin PBXFileReference section */
		F43B4C8D2555CC5100292F95 /* LottieView.app */ = {isa = PBXFileReference; explicitFileType = wrapper.application; includeInIndex = 0; path = LottieView.app; sourceTree = BUILT_PRODUCTS_DIR; };
		F43B4C902555CC5100292F95 /* AppDelegate.swift */ = {isa = PBXFileReference; lastKnownFileType = sourcecode.swift; path = AppDelegate.swift; sourceTree = "<group>"; };
		F43B4C922555CC5100292F95 /* SceneDelegate.swift */ = {isa = PBXFileReference; lastKnownFileType = sourcecode.swift; path = SceneDelegate.swift; sourceTree = "<group>"; };
		F43B4C942555CC5100292F95 /* LottieView.swift */ = {isa = PBXFileReference; lastKnownFileType = sourcecode.swift; path = LottieView.swift; sourceTree = "<group>"; };
		F43B4C962555CC5600292F95 /* Assets.xcassets */ = {isa = PBXFileReference; lastKnownFileType = folder.assetcatalog; path = Assets.xcassets; sourceTree = "<group>"; };
		F43B4C992555CC5600292F95 /* Preview Assets.xcassets */ = {isa = PBXFileReference; lastKnownFileType = folder.assetcatalog; path = "Preview Assets.xcassets"; sourceTree = "<group>"; };
		F43B4C9C2555CC5600292F95 /* Base */ = {isa = PBXFileReference; lastKnownFileType = file.storyboard; name = Base; path = Base.lproj/LaunchScreen.storyboard; sourceTree = "<group>"; };
		F43B4C9E2555CC5600292F95 /* Info.plist */ = {isa = PBXFileReference; lastKnownFileType = text.plist.xml; path = Info.plist; sourceTree = "<group>"; };
		F43B4CAA2555CCCB00292F95 /* gym.json */ = {isa = PBXFileReference; fileEncoding = 4; lastKnownFileType = text.json; path = gym.json; sourceTree = "<group>"; };
		F43B4CAE2555CF8500292F95 /* LoadingView.swift */ = {isa = PBXFileReference; lastKnownFileType = sourcecode.swift; path = LoadingView.swift; sourceTree = "<group>"; };
/* End PBXFileReference section */

/* Begin PBXFrameworksBuildPhase section */
		F43B4C8A2555CC5100292F95 /* Frameworks */ = {
			isa = PBXFrameworksBuildPhase;
			buildActionMask = 2147483647;
			files = (
				F43B4CA72555CC8D00292F95 /* Lottie in Frameworks */,
			);
			runOnlyForDeploymentPostprocessing = 0;
		};
/* End PBXFrameworksBuildPhase section */

/* Begin PBXGroup section */
		F43B4C842555CC5100292F95 = {
			isa = PBXGroup;
			children = (
				F43B4C8F2555CC5100292F95 /* LottieView */,
				F43B4C8E2555CC5100292F95 /* Products */,
			);
			sourceTree = "<group>";
		};
		F43B4C8E2555CC5100292F95 /* Products */ = {
			isa = PBXGroup;
			children = (
				F43B4C8D2555CC5100292F95 /* LottieView.app */,
			);
			name = Products;
			sourceTree = "<group>";
		};
		F43B4C8F2555CC5100292F95 /* LottieView */ = {
			isa = PBXGroup;
			children = (
				F43B4C902555CC5100292F95 /* AppDelegate.swift */,
				F43B4C922555CC5100292F95 /* SceneDelegate.swift */,
				F43B4C942555CC5100292F95 /* LottieView.swift */,
				F43B4CAE2555CF8500292F95 /* LoadingView.swift */,
				F43B4C962555CC5600292F95 /* Assets.xcassets */,
				F43B4C9B2555CC5600292F95 /* LaunchScreen.storyboard */,
				F43B4CAA2555CCCB00292F95 /* gym.json */,
				F43B4C9E2555CC5600292F95 /* Info.plist */,
				F43B4C982555CC5600292F95 /* Preview Content */,
			);
			path = LottieView;
			sourceTree = "<group>";
		};
		F43B4C982555CC5600292F95 /* Preview Content */ = {
			isa = PBXGroup;
			children = (
				F43B4C992555CC5600292F95 /* Preview Assets.xcassets */,
			);
			path = "Preview Content";
			sourceTree = "<group>";
		};
/* End PBXGroup section */

/* Begin PBXNativeTarget section */
		F43B4C8C2555CC5100292F95 /* LottieView */ = {
			isa = PBXNativeTarget;
			buildConfigurationList = F43B4CA12555CC5600292F95 /* Build configuration list for PBXNativeTarget "LottieView" */;
			buildPhases = (
				F43B4C892555CC5100292F95 /* Sources */,
				F43B4C8A2555CC5100292F95 /* Frameworks */,
				F43B4C8B2555CC5100292F95 /* Resources */,
			);
			buildRules = (
			);
			dependencies = (
			);
			name = LottieView;
			packageProductDependencies = (
				F43B4CA62555CC8D00292F95 /* Lottie */,
			);
			productName = LottieView;
			productReference = F43B4C8D2555CC5100292F95 /* LottieView.app */;
			productType = "com.apple.product-type.application";
		};
/* End PBXNativeTarget section */

/* Begin PBXProject section */
		F43B4C852555CC5100292F95 /* Project object */ = {
			isa = PBXProject;
			attributes = {
				LastSwiftUpdateCheck = 1200;
				LastUpgradeCheck = 1200;
				TargetAttributes = {
					F43B4C8C2555CC5100292F95 = {
						CreatedOnToolsVersion = 12.0;
					};
				};
			};
			buildConfigurationList = F43B4C882555CC5100292F95 /* Build configuration list for PBXProject "LottieView" */;
			compatibilityVersion = "Xcode 9.3";
			developmentRegion = en;
			hasScannedForEncodings = 0;
			knownRegions = (
				en,
				Base,
			);
			mainGroup = F43B4C842555CC5100292F95;
			packageReferences = (
				F43B4CA52555CC8D00292F95 /* XCRemoteSwiftPackageReference "lottie-ios" */,
			);
			productRefGroup = F43B4C8E2555CC5100292F95 /* Products */;
			projectDirPath = "";
			projectRoot = "";
			targets = (
				F43B4C8C2555CC5100292F95 /* LottieView */,
			);
		};
/* End PBXProject section */

/* Begin PBXResourcesBuildPhase section */
		F43B4C8B2555CC5100292F95 /* Resources */ = {
			isa = PBXResourcesBuildPhase;
			buildActionMask = 2147483647;
			files = (
				F43B4C9D2555CC5600292F95 /* LaunchScreen.storyboard in Resources */,
				F43B4C9A2555CC5600292F95 /* Preview Assets.xcassets in Resources */,
				F43B4C972555CC5600292F95 /* Assets.xcassets in Resources */,
				F43B4CAB2555CCCB00292F95 /* gym.json in Resources */,
			);
			runOnlyForDeploymentPostprocessing = 0;
		};
/* End PBXResourcesBuildPhase section */

/* Begin PBXSourcesBuildPhase section */
		F43B4C892555CC5100292F95 /* Sources */ = {
			isa = PBXSourcesBuildPhase;
			buildActionMask = 2147483647;
			files = (
				F43B4C912555CC5100292F95 /* AppDelegate.swift in Sources */,
				F43B4CAF2555CF8500292F95 /* LoadingView.swift in Sources */,
				F43B4C932555CC5100292F95 /* SceneDelegate.swift in Sources */,
				F43B4C952555CC5100292F95 /* LottieView.swift in Sources */,
			);
			runOnlyForDeploymentPostprocessing = 0;
		};
/* End PBXSourcesBuildPhase section */

/* Begin PBXVariantGroup section */
		F43B4C9B2555CC5600292F95 /* LaunchScreen.storyboard */ = {
			isa = PBXVariantGroup;
			children = (
				F43B4C9C2555CC5600292F95 /* Base */,
			);
			name = LaunchScreen.storyboard;
			sourceTree = "<group>";
		};
/* End PBXVariantGroup section */

/* Begin XCBuildConfiguration section */
		F43B4C9F2555CC5600292F95 /* Debug */ = {
			isa = XCBuildConfiguration;
			buildSettings = {
				ALWAYS_SEARCH_USER_PATHS = NO;
				CLANG_ANALYZER_NONNULL = YES;
				CLANG_ANALYZER_NUMBER_OBJECT_CONVERSION = YES_AGGRESSIVE;
				CLANG_CXX_LANGUAGE_STANDARD = "gnu++14";
				CLANG_CXX_LIBRARY = "libc++";
				CLANG_ENABLE_MODULES = YES;
				CLANG_ENABLE_OBJC_ARC = YES;
				CLANG_ENABLE_OBJC_WEAK = YES;
				CLANG_WARN_BLOCK_CAPTURE_AUTORELEASING = YES;
				CLANG_WARN_BOOL_CONVERSION = YES;
				CLANG_WARN_COMMA = YES;
				CLANG_WARN_CONSTANT_CONVERSION = YES;
				CLANG_WARN_DEPRECATED_OBJC_IMPLEMENTATIONS = YES;
				CLANG_WARN_DIRECT_OBJC_ISA_USAGE = YES_ERROR;
				CLANG_WARN_DOCUMENTATION_COMMENTS = YES;
				CLANG_WARN_EMPTY_BODY = YES;
				CLANG_WARN_ENUM_CONVERSION = YES;
				CLANG_WARN_INFINITE_RECURSION = YES;
				CLANG_WARN_INT_CONVERSION = YES;
				CLANG_WARN_NON_LITERAL_NULL_CONVERSION = YES;
				CLANG_WARN_OBJC_IMPLICIT_RETAIN_SELF = YES;
				CLANG_WARN_OBJC_LITERAL_CONVERSION = YES;
				CLANG_WARN_OBJC_ROOT_CLASS = YES_ERROR;
				CLANG_WARN_QUOTED_INCLUDE_IN_FRAMEWORK_HEADER = YES;
				CLANG_WARN_RANGE_LOOP_ANALYSIS = YES;
				CLANG_WARN_STRICT_PROTOTYPES = YES;
				CLANG_WARN_SUSPICIOUS_MOVE = YES;
				CLANG_WARN_UNGUARDED_AVAILABILITY = YES_AGGRESSIVE;
				CLANG_WARN_UNREACHABLE_CODE = YES;
				CLANG_WARN__DUPLICATE_METHOD_MATCH = YES;
				COPY_PHASE_STRIP = NO;
				DEBUG_INFORMATION_FORMAT = dwarf;
				ENABLE_STRICT_OBJC_MSGSEND = YES;
				ENABLE_TESTABILITY = YES;
				GCC_C_LANGUAGE_STANDARD = gnu11;
				GCC_DYNAMIC_NO_PIC = NO;
				GCC_NO_COMMON_BLOCKS = YES;
				GCC_OPTIMIZATION_LEVEL = 0;
				GCC_PREPROCESSOR_DEFINITIONS = (
					"DEBUG=1",
					"$(inherited)",
				);
				GCC_WARN_64_TO_32_BIT_CONVERSION = YES;
				GCC_WARN_ABOUT_RETURN_TYPE = YES_ERROR;
				GCC_WARN_UNDECLARED_SELECTOR = YES;
				GCC_WARN_UNINITIALIZED_AUTOS = YES_AGGRESSIVE;
				GCC_WARN_UNUSED_FUNCTION = YES;
				GCC_WARN_UNUSED_VARIABLE = YES;
				IPHONEOS_DEPLOYMENT_TARGET = 14.0;
				MTL_ENABLE_DEBUG_INFO = INCLUDE_SOURCE;
				MTL_FAST_MATH = YES;
				ONLY_ACTIVE_ARCH = YES;
				SDKROOT = iphoneos;
				SWIFT_ACTIVE_COMPILATION_CONDITIONS = DEBUG;
				SWIFT_OPTIMIZATION_LEVEL = "-Onone";
			};
			name = Debug;
		};
		F43B4CA02555CC5600292F95 /* Release */ = {
			isa = XCBuildConfiguration;
			buildSettings = {
				ALWAYS_SEARCH_USER_PATHS = NO;
				CLANG_ANALYZER_NONNULL = YES;
				CLANG_ANALYZER_NUMBER_OBJECT_CONVERSION = YES_AGGRESSIVE;
				CLANG_CXX_LANGUAGE_STANDARD = "gnu++14";
				CLANG_CXX_LIBRARY = "libc++";
				CLANG_ENABLE_MODULES = YES;
				CLANG_ENABLE_OBJC_ARC = YES;
				CLANG_ENABLE_OBJC_WEAK = YES;
				CLANG_WARN_BLOCK_CAPTURE_AUTORELEASING = YES;
				CLANG_WARN_BOOL_CONVERSION = YES;
				CLANG_WARN_COMMA = YES;
				CLANG_WARN_CONSTANT_CONVERSION = YES;
				CLANG_WARN_DEPRECATED_OBJC_IMPLEMENTATIONS = YES;
				CLANG_WARN_DIRECT_OBJC_ISA_USAGE = YES_ERROR;
				CLANG_WARN_DOCUMENTATION_COMMENTS = YES;
				CLANG_WARN_EMPTY_BODY = YES;
				CLANG_WARN_ENUM_CONVERSION = YES;
				CLANG_WARN_INFINITE_RECURSION = YES;
				CLANG_WARN_INT_CONVERSION = YES;
				CLANG_WARN_NON_LITERAL_NULL_CONVERSION = YES;
				CLANG_WARN_OBJC_IMPLICIT_RETAIN_SELF = YES;
				CLANG_WARN_OBJC_LITERAL_CONVERSION = YES;
				CLANG_WARN_OBJC_ROOT_CLASS = YES_ERROR;
				CLANG_WARN_QUOTED_INCLUDE_IN_FRAMEWORK_HEADER = YES;
				CLANG_WARN_RANGE_LOOP_ANALYSIS = YES;
				CLANG_WARN_STRICT_PROTOTYPES = YES;
				CLANG_WARN_SUSPICIOUS_MOVE = YES;
				CLANG_WARN_UNGUARDED_AVAILABILITY = YES_AGGRESSIVE;
				CLANG_WARN_UNREACHABLE_CODE = YES;
				CLANG_WARN__DUPLICATE_METHOD_MATCH = YES;
				COPY_PHASE_STRIP = NO;
				DEBUG_INFORMATION_FORMAT = "dwarf-with-dsym";
				ENABLE_NS_ASSERTIONS = NO;
				ENABLE_STRICT_OBJC_MSGSEND = YES;
				GCC_C_LANGUAGE_STANDARD = gnu11;
				GCC_NO_COMMON_BLOCKS = YES;
				GCC_WARN_64_TO_32_BIT_CONVERSION = YES;
				GCC_WARN_ABOUT_RETURN_TYPE = YES_ERROR;
				GCC_WARN_UNDECLARED_SELECTOR = YES;
				GCC_WARN_UNINITIALIZED_AUTOS = YES_AGGRESSIVE;
				GCC_WARN_UNUSED_FUNCTION = YES;
				GCC_WARN_UNUSED_VARIABLE = YES;
				IPHONEOS_DEPLOYMENT_TARGET = 14.0;
				MTL_ENABLE_DEBUG_INFO = NO;
				MTL_FAST_MATH = YES;
				SDKROOT = iphoneos;
				SWIFT_COMPILATION_MODE = wholemodule;
				SWIFT_OPTIMIZATION_LEVEL = "-O";
				VALIDATE_PRODUCT = YES;
			};
			name = Release;
		};
		F43B4CA22555CC5600292F95 /* Debug */ = {
			isa = XCBuildConfiguration;
			buildSettings = {
				ASSETCATALOG_COMPILER_APPICON_NAME = AppIcon;
				ASSETCATALOG_COMPILER_GLOBAL_ACCENT_COLOR_NAME = AccentColor;
				CODE_SIGN_STYLE = Automatic;
				DEAD_CODE_STRIPPING = NO;
				DEVELOPMENT_ASSET_PATHS = "\"LottieView/Preview Content\"";
				DEVELOPMENT_TEAM = 9G2243U9KY;
				ENABLE_PREVIEWS = YES;
				INFOPLIST_FILE = LottieView/Info.plist;
				LD_RUNPATH_SEARCH_PATHS = (
					"$(inherited)",
					"@executable_path/Frameworks",
				);
				PRODUCT_BUNDLE_IDENTIFIER = TeeksCode.LottieView;
				PRODUCT_NAME = "$(TARGET_NAME)";
				SWIFT_VERSION = 5.0;
				TARGETED_DEVICE_FAMILY = "1,2";
			};
			name = Debug;
		};
		F43B4CA32555CC5600292F95 /* Release */ = {
			isa = XCBuildConfiguration;
			buildSettings = {
				ASSETCATALOG_COMPILER_APPICON_NAME = AppIcon;
				ASSETCATALOG_COMPILER_GLOBAL_ACCENT_COLOR_NAME = AccentColor;
				CODE_SIGN_STYLE = Automatic;
				DEAD_CODE_STRIPPING = NO;
				DEVELOPMENT_ASSET_PATHS = "\"LottieView/Preview Content\"";
				DEVELOPMENT_TEAM = 9G2243U9KY;
				ENABLE_PREVIEWS = YES;
				INFOPLIST_FILE = LottieView/Info.plist;
				LD_RUNPATH_SEARCH_PATHS = (
					"$(inherited)",
					"@executable_path/Frameworks",
				);
				PRODUCT_BUNDLE_IDENTIFIER = TeeksCode.LottieView;
				PRODUCT_NAME = "$(TARGET_NAME)";
				SWIFT_VERSION = 5.0;
				TARGETED_DEVICE_FAMILY = "1,2";
			};
			name = Release;
		};
/* End XCBuildConfiguration section */

/* Begin XCConfigurationList section */
		F43B4C882555CC5100292F95 /* Build configuration list for PBXProject "LottieView" */ = {
			isa = XCConfigurationList;
			buildConfigurations = (
				F43B4C9F2555CC5600292F95 /* Debug */,
				F43B4CA02555CC5600292F95 /* Release */,
			);
			defaultConfigurationIsVisible = 0;
			defaultConfigurationName = Release;
		};
		F43B4CA12555CC5600292F95 /* Build configuration list for PBXNativeTarget "LottieView" */ = {
			isa = XCConfigurationList;
			buildConfigurations = (
				F43B4CA22555CC5600292F95 /* Debug */,
				F43B4CA32555CC5600292F95 /* Release */,
			);
			defaultConfigurationIsVisible = 0;
			defaultConfigurationName = Release;
		};
/* End XCConfigurationList section */

/* Begin XCRemoteSwiftPackageReference section */
		F43B4CA52555CC8D00292F95 /* XCRemoteSwiftPackageReference "lottie-ios" */ = {
			isa = XCRemoteSwiftPackageReference;
			repositoryURL = "https://github.com/airbnb/lottie-ios.git";
			requirement = {
				kind = upToNextMajorVersion;
				minimumVersion = 3.1.9;
			};
		};
/* End XCRemoteSwiftPackageReference section */

/* Begin XCSwiftPackageProductDependency section */
		F43B4CA62555CC8D00292F95 /* Lottie */ = {
			isa = XCSwiftPackageProductDependency;
			package = F43B4CA52555CC8D00292F95 /* XCRemoteSwiftPackageReference "lottie-ios" */;
			productName = Lottie;
		};
/* End XCSwiftPackageProductDependency section */
	};
	rootObject = F43B4C852555CC5100292F95 /* Project object */;
}
